
Microsoft Visual Studio Solution File, Format Version 12.00
# Visual Studio 15
VisualStudioVersion = 15.0.27428.2015
MinimumVisualStudioVersion = 10.0.40219.1
Project("{FAE04EC0-301F-11D3-BF4B-00C04F79EFBC}") = "DontAtMeAPI", "DontAtMeAPI\DontAtMeAPI.csproj", "{D5020198-C6B4-4169-A57A-5DD00B0A2BBA}"
EndProject
Global
	GlobalSection(SolutionConfigurationPlatforms) = preSolution
		Debug|Any CPU = Debug|Any CPU
		Release|Any CPU = Release|Any CPU
	EndGlobalSection
	GlobalSection(ProjectConfigurationPlatforms) = postSolution
		{D5020198-C6B4-4169-A57A-5DD00B0A2BBA}.Debug|Any CPU.ActiveCfg = Debug|Any CPU
		{D5020198-C6B4-4169-A57A-5DD00B0A2BBA}.Debug|Any CPU.Build.0 = Debug|Any CPU
		{D5020198-C6B4-4169-A57A-5DD00B0A2BBA}.Release|Any CPU.ActiveCfg = Release|Any CPU
		{D5020198-C6B4-4169-A57A-5DD00B0A2BBA}.Release|Any CPU.Build.0 = Release|Any CPU
	EndGlobalSection
	GlobalSection(SolutionProperties) = preSolution
		HideSolutionNode = FALSE
	EndGlobalSection
	GlobalSection(ExtensibilityGlobals) = postSolution
		SolutionGuid = {D141BAF6-07E0-4926-91FB-2A13E4711E78}
	EndGlobalSection
EndGlobal
